hash: 47040568011dc2cd7a5cd67334dd349b004dda184c2cdee937580888d2363526
updated: 2017-04-12T19:20:32.426761707+01:00
imports:
- name: github.com/gorilla/context
  version: 08b5f424b9271eedf6f9f0ce86cb9396ed337a42
- name: github.com/gorilla/mux
  version: 392c28fe23e1c45ddba891b0320b3b5df220beea
- name: github.com/leekchan/accounting
  version: a35854c075934d6aa1a6c1ab3ea8a82ee0dc1a93
testImports: []
